// !$*UTF8*$!
{
	archiveVersion = 1;
	classes = {
	};
	objectVersion = 46;
	objects = {

/* Begin PBXBuildFile section */
		5E1190A31D41CBB600F05B9F /* AnswersViewController.swift in Sources */ = {isa = PBXBuildFile; fileRef = 5E1190A21D41CBB600F05B9F /* AnswersViewController.swift */; };
		5E25794C1DC3D29200AA6663 /* Utility.swift in Sources */ = {isa = PBXBuildFile; fileRef = 5E25794B1DC3D29200AA6663 /* Utility.swift */; };
		5E2E6F201D25A794003588DC /* AppDelegate.swift in Sources */ = {isa = PBXBuildFile; fileRef = 5E2E6F1F1D25A794003588DC /* AppDelegate.swift */; };
		5E2E6F251D25A794003588DC /* Main.storyboard in Resources */ = {isa = PBXBuildFile; fileRef = 5E2E6F231D25A794003588DC /* Main.storyboard */; };
		5E2E6F2A1D25A794003588DC /* LaunchScreen.storyboard in Resources */ = {isa = PBXBuildFile; fileRef = 5E2E6F281D25A794003588DC /* LaunchScreen.storyboard */; };
		5E3CFE341D88EC7F005D0109 /* MeVCImageCell.swift in Sources */ = {isa = PBXBuildFile; fileRef = 5E3CFE331D88EC7F005D0109 /* MeVCImageCell.swift */; };
		5E3CFE361D88EC93005D0109 /* MeVCTextViewCell.swift in Sources */ = {isa = PBXBuildFile; fileRef = 5E3CFE351D88EC93005D0109 /* MeVCTextViewCell.swift */; };
		5E3E77011D2843B7006E5EA4 /* HomeScreenViewController.swift in Sources */ = {isa = PBXBuildFile; fileRef = 5E3E77001D2843B7006E5EA4 /* HomeScreenViewController.swift */; };
		5E3E77041D284CB5006E5EA4 /* SignInViewController.swift in Sources */ = {isa = PBXBuildFile; fileRef = 5E3E77031D284CB5006E5EA4 /* SignInViewController.swift */; };
		5E47756C1D2601B900A5E9B0 /* Constants.swift in Sources */ = {isa = PBXBuildFile; fileRef = 5E47756B1D2601B900A5E9B0 /* Constants.swift */; };
		5E59CCDD1D518A9300708053 /* ProfileImageManager.swift in Sources */ = {isa = PBXBuildFile; fileRef = 5E59CCDC1D518A9300708053 /* ProfileImageManager.swift */; };
		5E753B0A1D493F72001D82B8 /* AppState.swift in Sources */ = {isa = PBXBuildFile; fileRef = 5E753B091D493F72001D82B8 /* AppState.swift */; };
		5E753B0C1D498C54001D82B8 /* AddQuestionViewController.swift in Sources */ = {isa = PBXBuildFile; fileRef = 5E753B0B1D498C54001D82B8 /* AddQuestionViewController.swift */; };
		5E753B0E1D4BD123001D82B8 /* MeViewController.swift in Sources */ = {isa = PBXBuildFile; fileRef = 5E753B0D1D4BD123001D82B8 /* MeViewController.swift */; };
		5E753B101D4EA23F001D82B8 /* ProfilePhotoViewController.swift in Sources */ = {isa = PBXBuildFile; fileRef = 5E753B0F1D4EA23F001D82B8 /* ProfilePhotoViewController.swift */; };
		5E753DFC1D9F073200DB5BCE /* FirebaseMgr.swift in Sources */ = {isa = PBXBuildFile; fileRef = 5E753DFB1D9F073200DB5BCE /* FirebaseMgr.swift */; };
		5E753E001D9F139A00DB5BCE /* Question.swift in Sources */ = {isa = PBXBuildFile; fileRef = 5E753DFF1D9F139A00DB5BCE /* Question.swift */; };
		5E8BA9511D5E553000FB530E /* QuestionCell.swift in Sources */ = {isa = PBXBuildFile; fileRef = 5E8BA9501D5E553000FB530E /* QuestionCell.swift */; };
		5E8BA9531D5E5AAA00FB530E /* Assets.xcassets in Resources */ = {isa = PBXBuildFile; fileRef = 5E8BA9521D5E5AAA00FB530E /* Assets.xcassets */; };
		5E8BA9551D5E715000FB530E /* AnswerCell.swift in Sources */ = {isa = PBXBuildFile; fileRef = 5E8BA9541D5E715000FB530E /* AnswerCell.swift */; };
		5EA4B52D1DA43010007316AB /* Answer.swift in Sources */ = {isa = PBXBuildFile; fileRef = 5EA4B52C1DA43010007316AB /* Answer.swift */; };
		5EAC6AB01D9AEAFA00A4432F /* DiscoverViewController.swift in Sources */ = {isa = PBXBuildFile; fileRef = 5EAC6AAF1D9AEAFA00A4432F /* DiscoverViewController.swift */; };
		5EAC6AB21D9AEEC200A4432F /* DiscoverQuestionCell.swift in Sources */ = {isa = PBXBuildFile; fileRef = 5EAC6AB11D9AEEC200A4432F /* DiscoverQuestionCell.swift */; };
		5EAC6AB41D9AF8A600A4432F /* DiscoverToProfilesViewController.swift in Sources */ = {isa = PBXBuildFile; fileRef = 5EAC6AB31D9AF8A600A4432F /* DiscoverToProfilesViewController.swift */; };
		5EAC6AB81D9AFEC700A4432F /* DiscoverAnswersCell.swift in Sources */ = {isa = PBXBuildFile; fileRef = 5EAC6AB71D9AFEC700A4432F /* DiscoverAnswersCell.swift */; };
		5EB27A9F1DAADA1B002F6FCE /* DiscoverAnswersViewController.swift in Sources */ = {isa = PBXBuildFile; fileRef = 5EB27A9E1DAADA1B002F6FCE /* DiscoverAnswersViewController.swift */; };
		5EB27AA11DAB199A002F6FCE /* UserProfileViewController.swift in Sources */ = {isa = PBXBuildFile; fileRef = 5EB27AA01DAB199A002F6FCE /* UserProfileViewController.swift */; };
		5EB27AA61DAEE171002F6FCE /* MyProfileViewController.swift in Sources */ = {isa = PBXBuildFile; fileRef = 5EB27AA51DAEE171002F6FCE /* MyProfileViewController.swift */; };
		5EBD4DE41D7F525E004DA8DD /* HomeToProfilesViewController.swift in Sources */ = {isa = PBXBuildFile; fileRef = 5EBD4DE31D7F525E004DA8DD /* HomeToProfilesViewController.swift */; };
		5EBD4DE61D7F52A8004DA8DD /* AnswersToProfilesViewController.swift in Sources */ = {isa = PBXBuildFile; fileRef = 5EBD4DE51D7F52A8004DA8DD /* AnswersToProfilesViewController.swift */; };
		5ECC913B1D482B3E001221C4 /* GoogleService-Info.plist in Resources */ = {isa = PBXBuildFile; fileRef = 5ECC913A1D482B3E001221C4 /* GoogleService-Info.plist */; };
		89062636351A659F5583CF1A /* Pods_Babble.framework in Frameworks */ = {isa = PBXBuildFile; fileRef = 553BF0229359E709927D1DE1 /* Pods_Babble.framework */; };
/* End PBXBuildFile section */

/* Begin PBXFileReference section */
		05ECB09160E9B9F1CFEAAC06 /* Pods-Babble.debug.xcconfig */ = {isa = PBXFileReference; includeInIndex = 1; lastKnownFileType = text.xcconfig; name = "Pods-Babble.debug.xcconfig"; path = "Pods/Target Support Files/Pods-Babble/Pods-Babble.debug.xcconfig"; sourceTree = "<group>"; };
		082DA9B7534698C643D204B5 /* Pods-Babble.release.xcconfig */ = {isa = PBXFileReference; includeInIndex = 1; lastKnownFileType = text.xcconfig; name = "Pods-Babble.release.xcconfig"; path = "Pods/Target Support Files/Pods-Babble/Pods-Babble.release.xcconfig"; sourceTree = "<group>"; };
		553BF0229359E709927D1DE1 /* Pods_Babble.framework */ = {isa = PBXFileReference; explicitFileType = wrapper.framework; includeInIndex = 0; path = Pods_Babble.framework; sourceTree = BUILT_PRODUCTS_DIR; };
		5E1190A21D41CBB600F05B9F /* AnswersViewController.swift */ = {isa = PBXFileReference; fileEncoding = 4; lastKnownFileType = sourcecode.swift; path = AnswersViewController.swift; sourceTree = "<group>"; };
		5E25794B1DC3D29200AA6663 /* Utility.swift */ = {isa = PBXFileReference; fileEncoding = 4; lastKnownFileType = sourcecode.swift; path = Utility.swift; sourceTree = "<group>"; };
		5E2E6F1C1D25A794003588DC /* Babble.app */ = {isa = PBXFileReference; explicitFileType = wrapper.application; includeInIndex = 0; path = Babble.app; sourceTree = BUILT_PRODUCTS_DIR; };
		5E2E6F1F1D25A794003588DC /* AppDelegate.swift */ = {isa = PBXFileReference; lastKnownFileType = sourcecode.swift; path = AppDelegate.swift; sourceTree = "<group>"; };
		5E2E6F241D25A794003588DC /* Base */ = {isa = PBXFileReference; lastKnownFileType = file.storyboard; name = Base; path = Base.lproj/Main.storyboard; sourceTree = "<group>"; };
		5E2E6F291D25A794003588DC /* Base */ = {isa = PBXFileReference; lastKnownFileType = file.storyboard; name = Base; path = Base.lproj/LaunchScreen.storyboard; sourceTree = "<group>"; };
		5E2E6F2B1D25A794003588DC /* Info.plist */ = {isa = PBXFileReference; lastKnownFileType = text.plist.xml; path = Info.plist; sourceTree = "<group>"; };
		5E3CFE331D88EC7F005D0109 /* MeVCImageCell.swift */ = {isa = PBXFileReference; fileEncoding = 4; lastKnownFileType = sourcecode.swift; path = MeVCImageCell.swift; sourceTree = "<group>"; };
		5E3CFE351D88EC93005D0109 /* MeVCTextViewCell.swift */ = {isa = PBXFileReference; fileEncoding = 4; lastKnownFileType = sourcecode.swift; path = MeVCTextViewCell.swift; sourceTree = "<group>"; };
		5E3E77001D2843B7006E5EA4 /* HomeScreenViewController.swift */ = {isa = PBXFileReference; fileEncoding = 4; lastKnownFileType = sourcecode.swift; path = HomeScreenViewController.swift; sourceTree = "<group>"; };
		5E3E77031D284CB5006E5EA4 /* SignInViewController.swift */ = {isa = PBXFileReference; fileEncoding = 4; lastKnownFileType = sourcecode.swift; path = SignInViewController.swift; sourceTree = "<group>"; };
		5E47756B1D2601B900A5E9B0 /* Constants.swift */ = {isa = PBXFileReference; fileEncoding = 4; lastKnownFileType = sourcecode.swift; path = Constants.swift; sourceTree = "<group>"; };
		5E59CCDC1D518A9300708053 /* ProfileImageManager.swift */ = {isa = PBXFileReference; fileEncoding = 4; lastKnownFileType = sourcecode.swift; path = ProfileImageManager.swift; sourceTree = "<group>"; };
		5E753B091D493F72001D82B8 /* AppState.swift */ = {isa = PBXFileReference; fileEncoding = 4; lastKnownFileType = sourcecode.swift; path = AppState.swift; sourceTree = "<group>"; };
		5E753B0B1D498C54001D82B8 /* AddQuestionViewController.swift */ = {isa = PBXFileReference; fileEncoding = 4; lastKnownFileType = sourcecode.swift; path = AddQuestionViewController.swift; sourceTree = "<group>"; };
		5E753B0D1D4BD123001D82B8 /* MeViewController.swift */ = {isa = PBXFileReference; fileEncoding = 4; lastKnownFileType = sourcecode.swift; path = MeViewController.swift; sourceTree = "<group>"; };
		5E753B0F1D4EA23F001D82B8 /* ProfilePhotoViewController.swift */ = {isa = PBXFileReference; fileEncoding = 4; lastKnownFileType = sourcecode.swift; path = ProfilePhotoViewController.swift; sourceTree = "<group>"; };
		5E753DFB1D9F073200DB5BCE /* FirebaseMgr.swift */ = {isa = PBXFileReference; fileEncoding = 4; lastKnownFileType = sourcecode.swift; path = FirebaseMgr.swift; sourceTree = "<group>"; };
		5E753DFF1D9F139A00DB5BCE /* Question.swift */ = {isa = PBXFileReference; fileEncoding = 4; lastKnownFileType = sourcecode.swift; path = Question.swift; sourceTree = "<group>"; };
		5E8BA9501D5E553000FB530E /* QuestionCell.swift */ = {isa = PBXFileReference; fileEncoding = 4; lastKnownFileType = sourcecode.swift; path = QuestionCell.swift; sourceTree = "<group>"; };
		5E8BA9521D5E5AAA00FB530E /* Assets.xcassets */ = {isa = PBXFileReference; lastKnownFileType = folder.assetcatalog; path = Assets.xcassets; sourceTree = "<group>"; };
		5E8BA9541D5E715000FB530E /* AnswerCell.swift */ = {isa = PBXFileReference; fileEncoding = 4; lastKnownFileType = sourcecode.swift; path = AnswerCell.swift; sourceTree = "<group>"; };
		5EA4B52C1DA43010007316AB /* Answer.swift */ = {isa = PBXFileReference; fileEncoding = 4; lastKnownFileType = sourcecode.swift; path = Answer.swift; sourceTree = "<group>"; };
		5EAC6AAF1D9AEAFA00A4432F /* DiscoverViewController.swift */ = {isa = PBXFileReference; fileEncoding = 4; lastKnownFileType = sourcecode.swift; path = DiscoverViewController.swift; sourceTree = "<group>"; };
		5EAC6AB11D9AEEC200A4432F /* DiscoverQuestionCell.swift */ = {isa = PBXFileReference; fileEncoding = 4; lastKnownFileType = sourcecode.swift; path = DiscoverQuestionCell.swift; sourceTree = "<group>"; };
		5EAC6AB31D9AF8A600A4432F /* DiscoverToProfilesViewController.swift */ = {isa = PBXFileReference; fileEncoding = 4; lastKnownFileType = sourcecode.swift; path = DiscoverToProfilesViewController.swift; sourceTree = "<group>"; };
		5EAC6AB71D9AFEC700A4432F /* DiscoverAnswersCell.swift */ = {isa = PBXFileReference; fileEncoding = 4; lastKnownFileType = sourcecode.swift; path = DiscoverAnswersCell.swift; sourceTree = "<group>"; };
		5EB27A9E1DAADA1B002F6FCE /* DiscoverAnswersViewController.swift */ = {isa = PBXFileReference; fileEncoding = 4; lastKnownFileType = sourcecode.swift; path = DiscoverAnswersViewController.swift; sourceTree = "<group>"; };
		5EB27AA01DAB199A002F6FCE /* UserProfileViewController.swift */ = {isa = PBXFileReference; fileEncoding = 4; lastKnownFileType = sourcecode.swift; path = UserProfileViewController.swift; sourceTree = "<group>"; };
		5EB27AA51DAEE171002F6FCE /* MyProfileViewController.swift */ = {isa = PBXFileReference; fileEncoding = 4; lastKnownFileType = sourcecode.swift; path = MyProfileViewController.swift; sourceTree = "<group>"; };
		5EBD4DE31D7F525E004DA8DD /* HomeToProfilesViewController.swift */ = {isa = PBXFileReference; fileEncoding = 4; lastKnownFileType = sourcecode.swift; path = HomeToProfilesViewController.swift; sourceTree = "<group>"; };
		5EBD4DE51D7F52A8004DA8DD /* AnswersToProfilesViewController.swift */ = {isa = PBXFileReference; fileEncoding = 4; lastKnownFileType = sourcecode.swift; path = AnswersToProfilesViewController.swift; sourceTree = "<group>"; };
		5ECC913A1D482B3E001221C4 /* GoogleService-Info.plist */ = {isa = PBXFileReference; fileEncoding = 4; lastKnownFileType = text.plist.xml; path = "GoogleService-Info.plist"; sourceTree = "<group>"; };
/* End PBXFileReference section */

/* Begin PBXFrameworksBuildPhase section */
		5E2E6F191D25A794003588DC /* Frameworks */ = {
			isa = PBXFrameworksBuildPhase;
			buildActionMask = 2147483647;
			files = (
				89062636351A659F5583CF1A /* Pods_Babble.framework in Frameworks */,
			);
			runOnlyForDeploymentPostprocessing = 0;
		};
/* End PBXFrameworksBuildPhase section */

/* Begin PBXGroup section */
		02D537B40D799E4BDEBAA375 /* Frameworks */ = {
			isa = PBXGroup;
			children = (
				553BF0229359E709927D1DE1 /* Pods_Babble.framework */,
			);
			name = Frameworks;
			sourceTree = "<group>";
		};
		1E5059947B2692634C64B41A /* Pods */ = {
			isa = PBXGroup;
			children = (
				05ECB09160E9B9F1CFEAAC06 /* Pods-Babble.debug.xcconfig */,
				082DA9B7534698C643D204B5 /* Pods-Babble.release.xcconfig */,
			);
			name = Pods;
			sourceTree = "<group>";
		};
		5E1190A11D4040BA00F05B9F /* Support Files */ = {
			isa = PBXGroup;
			children = (
				5E2E6F281D25A794003588DC /* LaunchScreen.storyboard */,
				5ECC913A1D482B3E001221C4 /* GoogleService-Info.plist */,
				5E2E6F2B1D25A794003588DC /* Info.plist */,
			);
			name = "Support Files";
			path = Babble;
			sourceTree = "<group>";
		};
		5E2E6F131D25A794003588DC = {
			isa = PBXGroup;
			children = (
				5E2E6F1E1D25A794003588DC /* Babble */,
				5EB27AA31DAC38A0002F6FCE /* Post MVP */,
				5EB27AA41DAC3949002F6FCE /* *Old */,
				5E1190A11D4040BA00F05B9F /* Support Files */,
				5E2E6F1D1D25A794003588DC /* Products */,
				1E5059947B2692634C64B41A /* Pods */,
				02D537B40D799E4BDEBAA375 /* Frameworks */,
			);
			sourceTree = "<group>";
		};
		5E2E6F1D1D25A794003588DC /* Products */ = {
			isa = PBXGroup;
			children = (
				5E2E6F1C1D25A794003588DC /* Babble.app */,
			);
			name = Products;
			sourceTree = "<group>";
		};
		5E2E6F1E1D25A794003588DC /* Babble */ = {
			isa = PBXGroup;
			children = (
				5EA4B52E1DA484EE007316AB /* Models */,
				5EA4B52F1DA4850E007316AB /* Views */,
				5EA4B5301DA48544007316AB /* Controllers */,
				5E2E6F231D25A794003588DC /* Main.storyboard */,
				5E8BA9521D5E5AAA00FB530E /* Assets.xcassets */,
			);
			path = Babble;
			sourceTree = "<group>";
		};
		5E3E77021D284421006E5EA4 /* View Controllers */ = {
			isa = PBXGroup;
			children = (
				5E8BA9571D5E717E00FB530E /* Sign In */,
				5E753B111D4FCBAE001D82B8 /* Home */,
				5E753B121D4FCBCB001D82B8 /* My Profile */,
				5EA2ED271D6CBD830031003C /* User Profiles */,
			);
			name = "View Controllers";
			sourceTree = "<group>";
		};
		5E753B111D4FCBAE001D82B8 /* Home */ = {
			isa = PBXGroup;
			children = (
				5E3E77001D2843B7006E5EA4 /* HomeScreenViewController.swift */,
				5E1190A21D41CBB600F05B9F /* AnswersViewController.swift */,
				5E753B0B1D498C54001D82B8 /* AddQuestionViewController.swift */,
			);
			name = Home;
			sourceTree = "<group>";
		};
		5E753B121D4FCBCB001D82B8 /* My Profile */ = {
			isa = PBXGroup;
			children = (
				5EB27AA51DAEE171002F6FCE /* MyProfileViewController.swift */,
			);
			name = "My Profile";
			sourceTree = "<group>";
		};
		5E8BA9561D5E715600FB530E /* Table View Cells */ = {
			isa = PBXGroup;
			children = (
				5E8BA9501D5E553000FB530E /* QuestionCell.swift */,
				5E8BA9541D5E715000FB530E /* AnswerCell.swift */,
			);
			name = "Table View Cells";
			sourceTree = "<group>";
		};
		5E8BA9571D5E717E00FB530E /* Sign In */ = {
			isa = PBXGroup;
			children = (
				5E3E77031D284CB5006E5EA4 /* SignInViewController.swift */,
			);
			name = "Sign In";
			sourceTree = "<group>";
		};
		5EA2ED271D6CBD830031003C /* User Profiles */ = {
			isa = PBXGroup;
			children = (
				5EB27AA01DAB199A002F6FCE /* UserProfileViewController.swift */,
			);
			name = "User Profiles";
			sourceTree = "<group>";
		};
		5EA4B52E1DA484EE007316AB /* Models */ = {
			isa = PBXGroup;
			children = (
				5E753DFF1D9F139A00DB5BCE /* Question.swift */,
				5EA4B52C1DA43010007316AB /* Answer.swift */,
			);
			name = Models;
			sourceTree = "<group>";
		};
		5EA4B52F1DA4850E007316AB /* Views */ = {
			isa = PBXGroup;
			children = (
				5E8BA9561D5E715600FB530E /* Table View Cells */,
			);
			name = Views;
			sourceTree = "<group>";
		};
		5EA4B5301DA48544007316AB /* Controllers */ = {
			isa = PBXGroup;
			children = (
				5E2E6F1F1D25A794003588DC /* AppDelegate.swift */,
				5EB27AA21DAC0782002F6FCE /* Shared */,
				5E3E77021D284421006E5EA4 /* View Controllers */,
			);
			name = Controllers;
			sourceTree = "<group>";
		};
		5EAC6AAE1D9AEAE000A4432F /* Discover */ = {
			isa = PBXGroup;
			children = (
				5EAC6AB11D9AEEC200A4432F /* DiscoverQuestionCell.swift */,
				5EAC6AB71D9AFEC700A4432F /* DiscoverAnswersCell.swift */,
				5EAC6AAF1D9AEAFA00A4432F /* DiscoverViewController.swift */,
				5EB27A9E1DAADA1B002F6FCE /* DiscoverAnswersViewController.swift */,
			);
			name = Discover;
			sourceTree = "<group>";
		};
		5EB27AA21DAC0782002F6FCE /* Shared */ = {
			isa = PBXGroup;
			children = (
				5E753DFB1D9F073200DB5BCE /* FirebaseMgr.swift */,
				5E25794B1DC3D29200AA6663 /* Utility.swift */,
				5E47756B1D2601B900A5E9B0 /* Constants.swift */,
				5E753B091D493F72001D82B8 /* AppState.swift */,
			);
			name = Shared;
			sourceTree = "<group>";
		};
		5EB27AA31DAC38A0002F6FCE /* Post MVP */ = {
			isa = PBXGroup;
			children = (
				5EAC6AAE1D9AEAE000A4432F /* Discover */,
			);
			name = "Post MVP";
			path = Babble;
			sourceTree = "<group>";
		};
		5EB27AA41DAC3949002F6FCE /* *Old */ = {
			isa = PBXGroup;
			children = (
				5E3CFE331D88EC7F005D0109 /* MeVCImageCell.swift */,
				5E3CFE351D88EC93005D0109 /* MeVCTextViewCell.swift */,
				5E753B0D1D4BD123001D82B8 /* MeViewController.swift */,
				5E753B0F1D4EA23F001D82B8 /* ProfilePhotoViewController.swift */,
				5E59CCDC1D518A9300708053 /* ProfileImageManager.swift */,
				5EBD4DE31D7F525E004DA8DD /* HomeToProfilesViewController.swift */,
				5EBD4DE51D7F52A8004DA8DD /* AnswersToProfilesViewController.swift */,
				5EAC6AB31D9AF8A600A4432F /* DiscoverToProfilesViewController.swift */,
			);
			name = "*Old";
			path = Babble;
			sourceTree = "<group>";
		};
/* End PBXGroup section */

/* Begin PBXNativeTarget section */
		5E2E6F1B1D25A794003588DC /* Babble */ = {
			isa = PBXNativeTarget;
			buildConfigurationList = 5E2E6F2E1D25A794003588DC /* Build configuration list for PBXNativeTarget "Babble" */;
			buildPhases = (
				0BDE6DB16FA8369CB5DF45E2 /* 📦 Check Pods Manifest.lock */,
				5E2E6F181D25A794003588DC /* Sources */,
				5E2E6F191D25A794003588DC /* Frameworks */,
				5E2E6F1A1D25A794003588DC /* Resources */,
				F9BBE891267F276C001F0376 /* 📦 Embed Pods Frameworks */,
				3BF117178E7FF026405BED13 /* 📦 Copy Pods Resources */,
			);
			buildRules = (
			);
			dependencies = (
			);
			name = Babble;
			productName = Babble;
			productReference = 5E2E6F1C1D25A794003588DC /* Babble.app */;
			productType = "com.apple.product-type.application";
		};
/* End PBXNativeTarget section */

/* Begin PBXProject section */
		5E2E6F141D25A794003588DC /* Project object */ = {
			isa = PBXProject;
			attributes = {
				LastSwiftUpdateCheck = 0730;
				LastUpgradeCheck = 0800;
				ORGANIZATIONNAME = "Alexis Schreier";
				TargetAttributes = {
					5E2E6F1B1D25A794003588DC = {
						CreatedOnToolsVersion = 7.3.1;
						DevelopmentTeam = Q7DNMW64ZP;
						LastSwiftMigration = 0820;
					};
				};
			};
			buildConfigurationList = 5E2E6F171D25A794003588DC /* Build configuration list for PBXProject "Babble" */;
			compatibilityVersion = "Xcode 3.2";
			developmentRegion = English;
			hasScannedForEncodings = 0;
			knownRegions = (
				en,
				Base,
			);
			mainGroup = 5E2E6F131D25A794003588DC;
			productRefGroup = 5E2E6F1D1D25A794003588DC /* Products */;
			projectDirPath = "";
			projectRoot = "";
			targets = (
				5E2E6F1B1D25A794003588DC /* Babble */,
			);
		};
/* End PBXProject section */

/* Begin PBXResourcesBuildPhase section */
		5E2E6F1A1D25A794003588DC /* Resources */ = {
			isa = PBXResourcesBuildPhase;
			buildActionMask = 2147483647;
			files = (
				5ECC913B1D482B3E001221C4 /* GoogleService-Info.plist in Resources */,
				5E2E6F2A1D25A794003588DC /* LaunchScreen.storyboard in Resources */,
				5E8BA9531D5E5AAA00FB530E /* Assets.xcassets in Resources */,
				5E2E6F251D25A794003588DC /* Main.storyboard in Resources */,
			);
			runOnlyForDeploymentPostprocessing = 0;
		};
/* End PBXResourcesBuildPhase section */

/* Begin PBXShellScriptBuildPhase section */
		0BDE6DB16FA8369CB5DF45E2 /* 📦 Check Pods Manifest.lock */ = {
			isa = PBXShellScriptBuildPhase;
			buildActionMask = 2147483647;
			files = (
			);
			inputPaths = (
			);
			name = "📦 Check Pods Manifest.lock";
			outputPaths = (
			);
			runOnlyForDeploymentPostprocessing = 0;
			shellPath = /bin/sh;
			shellScript = "diff \"${PODS_ROOT}/../Podfile.lock\" \"${PODS_ROOT}/Manifest.lock\" > /dev/null\nif [[ $? != 0 ]] ; then\n    cat << EOM\nerror: The sandbox is not in sync with the Podfile.lock. Run 'pod install' or update your CocoaPods installation.\nEOM\n    exit 1\nfi\n";
			showEnvVarsInLog = 0;
		};
		3BF117178E7FF026405BED13 /* 📦 Copy Pods Resources */ = {
			isa = PBXShellScriptBuildPhase;
			buildActionMask = 2147483647;
			files = (
			);
			inputPaths = (
			);
			name = "📦 Copy Pods Resources";
			outputPaths = (
			);
			runOnlyForDeploymentPostprocessing = 0;
			shellPath = /bin/sh;
			shellScript = "\"${SRCROOT}/Pods/Target Support Files/Pods-Babble/Pods-Babble-resources.sh\"\n";
			showEnvVarsInLog = 0;
		};
		F9BBE891267F276C001F0376 /* 📦 Embed Pods Frameworks */ = {
			isa = PBXShellScriptBuildPhase;
			buildActionMask = 2147483647;
			files = (
			);
			inputPaths = (
			);
			name = "📦 Embed Pods Frameworks";
			outputPaths = (
			);
			runOnlyForDeploymentPostprocessing = 0;
			shellPath = /bin/sh;
			shellScript = "\"${SRCROOT}/Pods/Target Support Files/Pods-Babble/Pods-Babble-frameworks.sh\"\n";
			showEnvVarsInLog = 0;
		};
/* End PBXShellScriptBuildPhase section */

/* Begin PBXSourcesBuildPhase section */
		5E2E6F181D25A794003588DC /* Sources */ = {
			isa = PBXSourcesBuildPhase;
			buildActionMask = 2147483647;
			files = (
				5E25794C1DC3D29200AA6663 /* Utility.swift in Sources */,
				5E753B101D4EA23F001D82B8 /* ProfilePhotoViewController.swift in Sources */,
				5E59CCDD1D518A9300708053 /* ProfileImageManager.swift in Sources */,
				5E753DFC1D9F073200DB5BCE /* FirebaseMgr.swift in Sources */,
				5EAC6AB41D9AF8A600A4432F /* DiscoverToProfilesViewController.swift in Sources */,
				5E1190A31D41CBB600F05B9F /* AnswersViewController.swift in Sources */,
				5E8BA9551D5E715000FB530E /* AnswerCell.swift in Sources */,
				5E47756C1D2601B900A5E9B0 /* Constants.swift in Sources */,
				5EA4B52D1DA43010007316AB /* Answer.swift in Sources */,
				5EAC6AB81D9AFEC700A4432F /* DiscoverAnswersCell.swift in Sources */,
				5E753B0E1D4BD123001D82B8 /* MeViewController.swift in Sources */,
				5EB27A9F1DAADA1B002F6FCE /* DiscoverAnswersViewController.swift in Sources */,
				5E753B0A1D493F72001D82B8 /* AppState.swift in Sources */,
				5EB27AA61DAEE171002F6FCE /* MyProfileViewController.swift in Sources */,
				5E3CFE361D88EC93005D0109 /* MeVCTextViewCell.swift in Sources */,
				5E2E6F201D25A794003588DC /* AppDelegate.swift in Sources */,
				5EAC6AB01D9AEAFA00A4432F /* DiscoverViewController.swift in Sources */,
				5EBD4DE41D7F525E004DA8DD /* HomeToProfilesViewController.swift in Sources */,
				5EBD4DE61D7F52A8004DA8DD /* AnswersToProfilesViewController.swift in Sources */,
				5EAC6AB21D9AEEC200A4432F /* DiscoverQuestionCell.swift in Sources */,
				5E8BA9511D5E553000FB530E /* QuestionCell.swift in Sources */,
				5E3E77041D284CB5006E5EA4 /* SignInViewController.swift in Sources */,
				5E753E001D9F139A00DB5BCE /* Question.swift in Sources */,
				5EB27AA11DAB199A002F6FCE /* UserProfileViewController.swift in Sources */,
				5E3CFE341D88EC7F005D0109 /* MeVCImageCell.swift in Sources */,
				5E753B0C1D498C54001D82B8 /* AddQuestionViewController.swift in Sources */,
				5E3E77011D2843B7006E5EA4 /* HomeScreenViewController.swift in Sources */,
			);
			runOnlyForDeploymentPostprocessing = 0;
		};
/* End PBXSourcesBuildPhase section */

/* Begin PBXVariantGroup section */
		5E2E6F231D25A794003588DC /* Main.storyboard */ = {
			isa = PBXVariantGroup;
			children = (
				5E2E6F241D25A794003588DC /* Base */,
			);
			name = Main.storyboard;
			sourceTree = "<group>";
		};
		5E2E6F281D25A794003588DC /* LaunchScreen.storyboard */ = {
			isa = PBXVariantGroup;
			children = (
				5E2E6F291D25A794003588DC /* Base */,
			);
			name = LaunchScreen.storyboard;
			sourceTree = "<group>";
		};
/* End PBXVariantGroup section */

/* Begin XCBuildConfiguration section */
		5E2E6F2C1D25A794003588DC /* Debug */ = {
			isa = XCBuildConfiguration;
			buildSettings = {
				ALWAYS_SEARCH_USER_PATHS = NO;
				CLANG_ANALYZER_NONNULL = YES;
				CLANG_CXX_LANGUAGE_STANDARD = "gnu++0x";
				CLANG_CXX_LIBRARY = "libc++";
				CLANG_ENABLE_MODULES = YES;
				CLANG_ENABLE_OBJC_ARC = YES;
				CLANG_WARN_BOOL_CONVERSION = YES;
				CLANG_WARN_CONSTANT_CONVERSION = YES;
				CLANG_WARN_DIRECT_OBJC_ISA_USAGE = YES_ERROR;
				CLANG_WARN_EMPTY_BODY = YES;
				CLANG_WARN_ENUM_CONVERSION = YES;
				CLANG_WARN_INFINITE_RECURSION = YES;
				CLANG_WARN_INT_CONVERSION = YES;
				CLANG_WARN_OBJC_ROOT_CLASS = YES_ERROR;
				CLANG_WARN_SUSPICIOUS_MOVE = YES;
				CLANG_WARN_UNREACHABLE_CODE = YES;
				CLANG_WARN__DUPLICATE_METHOD_MATCH = YES;
				"CODE_SIGN_IDENTITY[sdk=iphoneos*]" = "iPhone Developer";
				COPY_PHASE_STRIP = NO;
				DEBUG_INFORMATION_FORMAT = dwarf;
				ENABLE_STRICT_OBJC_MSGSEND = YES;
				ENABLE_TESTABILITY = YES;
				GCC_C_LANGUAGE_STANDARD = gnu99;
				GCC_DYNAMIC_NO_PIC = NO;
				GCC_NO_COMMON_BLOCKS = YES;
				GCC_OPTIMIZATION_LEVEL = 0;
				GCC_PREPROCESSOR_DEFINITIONS = (
					"DEBUG=1",
					"$(inherited)",
				);
				GCC_WARN_64_TO_32_BIT_CONVERSION = YES;
				GCC_WARN_ABOUT_RETURN_TYPE = YES_ERROR;
				GCC_WARN_UNDECLARED_SELECTOR = YES;
				GCC_WARN_UNINITIALIZED_AUTOS = YES_AGGRESSIVE;
				GCC_WARN_UNUSED_FUNCTION = YES;
				GCC_WARN_UNUSED_VARIABLE = YES;
				IPHONEOS_DEPLOYMENT_TARGET = 9.3;
				MTL_ENABLE_DEBUG_INFO = YES;
				ONLY_ACTIVE_ARCH = YES;
				SDKROOT = iphoneos;
				SWIFT_OPTIMIZATION_LEVEL = "-Onone";
				TARGETED_DEVICE_FAMILY = "1,2";
			};
			name = Debug;
		};
		5E2E6F2D1D25A794003588DC /* Release */ = {
			isa = XCBuildConfiguration;
			buildSettings = {
				ALWAYS_SEARCH_USER_PATHS = NO;
				CLANG_ANALYZER_NONNULL = YES;
				CLANG_CXX_LANGUAGE_STANDARD = "gnu++0x";
				CLANG_CXX_LIBRARY = "libc++";
				CLANG_ENABLE_MODULES = YES;
				CLANG_ENABLE_OBJC_ARC = YES;
				CLANG_WARN_BOOL_CONVERSION = YES;
				CLANG_WARN_CONSTANT_CONVERSION = YES;
				CLANG_WARN_DIRECT_OBJC_ISA_USAGE = YES_ERROR;
				CLANG_WARN_EMPTY_BODY = YES;
				CLANG_WARN_ENUM_CONVERSION = YES;
				CLANG_WARN_INFINITE_RECURSION = YES;
				CLANG_WARN_INT_CONVERSION = YES;
				CLANG_WARN_OBJC_ROOT_CLASS = YES_ERROR;
				CLANG_WARN_SUSPICIOUS_MOVE = YES;
				CLANG_WARN_UNREACHABLE_CODE = YES;
				CLANG_WARN__DUPLICATE_METHOD_MATCH = YES;
				"CODE_SIGN_IDENTITY[sdk=iphoneos*]" = "iPhone Developer";
				COPY_PHASE_STRIP = NO;
				DEBUG_INFORMATION_FORMAT = "dwarf-with-dsym";
				ENABLE_NS_ASSERTIONS = NO;
				ENABLE_STRICT_OBJC_MSGSEND = YES;
				GCC_C_LANGUAGE_STANDARD = gnu99;
				GCC_NO_COMMON_BLOCKS = YES;
				GCC_WARN_64_TO_32_BIT_CONVERSION = YES;
				GCC_WARN_ABOUT_RETURN_TYPE = YES_ERROR;
				GCC_WARN_UNDECLARED_SELECTOR = YES;
				GCC_WARN_UNINITIALIZED_AUTOS = YES_AGGRESSIVE;
				GCC_WARN_UNUSED_FUNCTION = YES;
				GCC_WARN_UNUSED_VARIABLE = YES;
				IPHONEOS_DEPLOYMENT_TARGET = 9.3;
				MTL_ENABLE_DEBUG_INFO = NO;
				SDKROOT = iphoneos;
				SWIFT_OPTIMIZATION_LEVEL = "-Owholemodule";
				TARGETED_DEVICE_FAMILY = "1,2";
				VALIDATE_PRODUCT = YES;
			};
			name = Release;
		};
		5E2E6F2F1D25A794003588DC /* Debug */ = {
			isa = XCBuildConfiguration;
			baseConfigurationReference = 05ECB09160E9B9F1CFEAAC06 /* Pods-Babble.debug.xcconfig */;
			buildSettings = {
				ALWAYS_EMBED_SWIFT_STANDARD_LIBRARIES = YES;
				ASSETCATALOG_COMPILER_APPICON_NAME = AppIcon;
				CODE_SIGN_IDENTITY = "iPhone Developer";
				"CODE_SIGN_IDENTITY[sdk=iphoneos*]" = "iPhone Developer";
				INFOPLIST_FILE = Babble/Info.plist;
				LD_RUNPATH_SEARCH_PATHS = "$(inherited) @executable_path/Frameworks";
				PRODUCT_BUNDLE_IDENTIFIER = com.MoonSandApps.Babble;
				PRODUCT_NAME = "$(TARGET_NAME)";
				PROVISIONING_PROFILE = "";
				SWIFT_VERSION = 3.0;
			};
			name = Debug;
		};
		5E2E6F301D25A794003588DC /* Release */ = {
			isa = XCBuildConfiguration;
			baseConfigurationReference = 082DA9B7534698C643D204B5 /* Pods-Babble.release.xcconfig */;
			buildSettings = {
				ALWAYS_EMBED_SWIFT_STANDARD_LIBRARIES = YES;
				ASSETCATALOG_COMPILER_APPICON_NAME = AppIcon;
				CODE_SIGN_IDENTITY = "iPhone Developer";
				"CODE_SIGN_IDENTITY[sdk=iphoneos*]" = "iPhone Developer";
				INFOPLIST_FILE = Babble/Info.plist;
				LD_RUNPATH_SEARCH_PATHS = "$(inherited) @executable_path/Frameworks";
				PRODUCT_BUNDLE_IDENTIFIER = com.MoonSandApps.Babble;
				PRODUCT_NAME = "$(TARGET_NAME)";
				PROVISIONING_PROFILE = "";
				SWIFT_VERSION = 3.0;
			};
			name = Release;
		};
/* End XCBuildConfiguration section */

/* Begin XCConfigurationList section */
		5E2E6F171D25A794003588DC /* Build configuration list for PBXProject "Babble" */ = {
			isa = XCConfigurationList;
			buildConfigurations = (
				5E2E6F2C1D25A794003588DC /* Debug */,
				5E2E6F2D1D25A794003588DC /* Release */,
			);
			defaultConfigurationIsVisible = 0;
			defaultConfigurationName = Release;
		};
		5E2E6F2E1D25A794003588DC /* Build configuration list for PBXNativeTarget "Babble" */ = {
			isa = XCConfigurationList;
			buildConfigurations = (
				5E2E6F2F1D25A794003588DC /* Debug */,
				5E2E6F301D25A794003588DC /* Release */,
			);
			defaultConfigurationIsVisible = 0;
			defaultConfigurationName = Release;
		};
/* End XCConfigurationList section */
	};
	rootObject = 5E2E6F141D25A794003588DC /* Project object */;
}
